
Microsoft Visual Studio Solution File, Format Version 12.00
# Visual Studio 2013
VisualStudioVersion = 12.0.31101.0
MinimumVisualStudioVersion = 10.0.40219.1
Project("{FAE04EC0-301F-11D3-BF4B-00C04F79EFBC}") = "My first xna game", "My first xna game\My first xna game\My first xna game.csproj", "{FCF247F4-7C0A-4404-9F48-6C75005B5143}"
EndProject
Project("{FAE04EC0-301F-11D3-BF4B-00C04F79EFBC}") = "My first xna gameContent", "My first xna game\My first xna gameContent\My first xna gameContent.contentproj", "{5585C716-336F-4C8A-9348-5198B3FA9B97}"
EndProject
Project("{F088123C-0E9E-452A-89E6-6BA2F21D5CAC}") = "ModelingProject1", "ModelingProject1\ModelingProject1.modelproj", "{FDD8BE87-2987-4D93-B288-899319FBBCEB}"
EndProject
Project("{FAE04EC0-301F-11D3-BF4B-00C04F79EFBC}") = "TiledSharp", "My first xna game\TiledSharp\TiledSharp\TiledSharp.csproj", "{E4130F8D-D301-4E0C-916D-489C4A23C9B1}"
EndProject
Global
	GlobalSection(SolutionConfigurationPlatforms) = preSolution
		Debug|Any CPU = Debug|Any CPU
		Debug|Mixed Platforms = Debug|Mixed Platforms
		Debug|x64 = Debug|x64
		Debug|x86 = Debug|x86
		DebugKopiLua|Any CPU = DebugKopiLua|Any CPU
		DebugKopiLua|Mixed Platforms = DebugKopiLua|Mixed Platforms
		DebugKopiLua|x64 = DebugKopiLua|x64
		DebugKopiLua|x86 = DebugKopiLua|x86
		Release|Any CPU = Release|Any CPU
		Release|Mixed Platforms = Release|Mixed Platforms
		Release|x64 = Release|x64
		Release|x86 = Release|x86
		ReleaseKopiLua|Any CPU = ReleaseKopiLua|Any CPU
		ReleaseKopiLua|Mixed Platforms = ReleaseKopiLua|Mixed Platforms
		ReleaseKopiLua|x64 = ReleaseKopiLua|x64
		ReleaseKopiLua|x86 = ReleaseKopiLua|x86
	EndGlobalSection
	GlobalSection(ProjectConfigurationPlatforms) = postSolution
		{FCF247F4-7C0A-4404-9F48-6C75005B5143}.Debug|Any CPU.ActiveCfg = Debug|x86
		{FCF247F4-7C0A-4404-9F48-6C75005B5143}.Debug|Mixed Platforms.ActiveCfg = Debug|x86
		{FCF247F4-7C0A-4404-9F48-6C75005B5143}.Debug|Mixed Platforms.Build.0 = Debug|x86
		{FCF247F4-7C0A-4404-9F48-6C75005B5143}.Debug|x64.ActiveCfg = Debug|x86
		{FCF247F4-7C0A-4404-9F48-6C75005B5143}.Debug|x86.ActiveCfg = Debug|x86
		{FCF247F4-7C0A-4404-9F48-6C75005B5143}.Debug|x86.Build.0 = Debug|x86
		{FCF247F4-7C0A-4404-9F48-6C75005B5143}.DebugKopiLua|Any CPU.ActiveCfg = Debug|x86
		{FCF247F4-7C0A-4404-9F48-6C75005B5143}.DebugKopiLua|Mixed Platforms.ActiveCfg = Debug|x86
		{FCF247F4-7C0A-4404-9F48-6C75005B5143}.DebugKopiLua|Mixed Platforms.Build.0 = Debug|x86
		{FCF247F4-7C0A-4404-9F48-6C75005B5143}.DebugKopiLua|x64.ActiveCfg = Debug|x86
		{FCF247F4-7C0A-4404-9F48-6C75005B5143}.DebugKopiLua|x86.ActiveCfg = Debug|x86
		{FCF247F4-7C0A-4404-9F48-6C75005B5143}.DebugKopiLua|x86.Build.0 = Debug|x86
		{FCF247F4-7C0A-4404-9F48-6C75005B5143}.Release|Any CPU.ActiveCfg = Release|x86
		{FCF247F4-7C0A-4404-9F48-6C75005B5143}.Release|Mixed Platforms.ActiveCfg = Release|x86
		{FCF247F4-7C0A-4404-9F48-6C75005B5143}.Release|Mixed Platforms.Build.0 = Release|x86
		{FCF247F4-7C0A-4404-9F48-6C75005B5143}.Release|x64.ActiveCfg = Release|x86
		{FCF247F4-7C0A-4404-9F48-6C75005B5143}.Release|x86.ActiveCfg = Release|x86
		{FCF247F4-7C0A-4404-9F48-6C75005B5143}.Release|x86.Build.0 = Release|x86
		{FCF247F4-7C0A-4404-9F48-6C75005B5143}.ReleaseKopiLua|Any CPU.ActiveCfg = Release|x86
		{FCF247F4-7C0A-4404-9F48-6C75005B5143}.ReleaseKopiLua|Mixed Platforms.ActiveCfg = Release|x86
		{FCF247F4-7C0A-4404-9F48-6C75005B5143}.ReleaseKopiLua|Mixed Platforms.Build.0 = Release|x86
		{FCF247F4-7C0A-4404-9F48-6C75005B5143}.ReleaseKopiLua|x64.ActiveCfg = Release|x86
		{FCF247F4-7C0A-4404-9F48-6C75005B5143}.ReleaseKopiLua|x86.ActiveCfg = Release|x86
		{FCF247F4-7C0A-4404-9F48-6C75005B5143}.ReleaseKopiLua|x86.Build.0 = Release|x86
		{5585C716-336F-4C8A-9348-5198B3FA9B97}.Debug|Any CPU.ActiveCfg = Debug|x86
		{5585C716-336F-4C8A-9348-5198B3FA9B97}.Debug|Mixed Platforms.ActiveCfg = Debug|x86
		{5585C716-336F-4C8A-9348-5198B3FA9B97}.Debug|x64.ActiveCfg = Debug|x86
		{5585C716-336F-4C8A-9348-5198B3FA9B97}.Debug|x86.ActiveCfg = Debug|x86
		{5585C716-336F-4C8A-9348-5198B3FA9B97}.DebugKopiLua|Any CPU.ActiveCfg = Debug|x86
		{5585C716-336F-4C8A-9348-5198B3FA9B97}.DebugKopiLua|Mixed Platforms.ActiveCfg = Debug|x86
		{5585C716-336F-4C8A-9348-5198B3FA9B97}.DebugKopiLua|x64.ActiveCfg = Debug|x86
		{5585C716-336F-4C8A-9348-5198B3FA9B97}.DebugKopiLua|x86.ActiveCfg = Debug|x86
		{5585C716-336F-4C8A-9348-5198B3FA9B97}.Release|Any CPU.ActiveCfg = Release|x86
		{5585C716-336F-4C8A-9348-5198B3FA9B97}.Release|Mixed Platforms.ActiveCfg = Release|x86
		{5585C716-336F-4C8A-9348-5198B3FA9B97}.Release|x64.ActiveCfg = Release|x86
		{5585C716-336F-4C8A-9348-5198B3FA9B97}.Release|x86.ActiveCfg = Release|x86
		{5585C716-336F-4C8A-9348-5198B3FA9B97}.ReleaseKopiLua|Any CPU.ActiveCfg = Release|x86
		{5585C716-336F-4C8A-9348-5198B3FA9B97}.ReleaseKopiLua|Mixed Platforms.ActiveCfg = Release|x86
		{5585C716-336F-4C8A-9348-5198B3FA9B97}.ReleaseKopiLua|x64.ActiveCfg = Release|x86
		{5585C716-336F-4C8A-9348-5198B3FA9B97}.ReleaseKopiLua|x86.ActiveCfg = Release|x86
		{FDD8BE87-2987-4D93-B288-899319FBBCEB}.Debug|Any CPU.ActiveCfg = Debug|Any CPU
		{FDD8BE87-2987-4D93-B288-899319FBBCEB}.Debug|Any CPU.Build.0 = Debug|Any CPU
		{FDD8BE87-2987-4D93-B288-899319FBBCEB}.Debug|Mixed Platforms.ActiveCfg = Debug|Any CPU
		{FDD8BE87-2987-4D93-B288-899319FBBCEB}.Debug|Mixed Platforms.Build.0 = Debug|Any CPU
		{FDD8BE87-2987-4D93-B288-899319FBBCEB}.Debug|x64.ActiveCfg = Debug|Any CPU
		{FDD8BE87-2987-4D93-B288-899319FBBCEB}.Debug|x86.ActiveCfg = Debug|Any CPU
		{FDD8BE87-2987-4D93-B288-899319FBBCEB}.DebugKopiLua|Any CPU.ActiveCfg = Debug|Any CPU
		{FDD8BE87-2987-4D93-B288-899319FBBCEB}.DebugKopiLua|Any CPU.Build.0 = Debug|Any CPU
		{FDD8BE87-2987-4D93-B288-899319FBBCEB}.DebugKopiLua|Mixed Platforms.ActiveCfg = Debug|Any CPU
		{FDD8BE87-2987-4D93-B288-899319FBBCEB}.DebugKopiLua|Mixed Platforms.Build.0 = Debug|Any CPU
		{FDD8BE87-2987-4D93-B288-899319FBBCEB}.DebugKopiLua|x64.ActiveCfg = Debug|Any CPU
		{FDD8BE87-2987-4D93-B288-899319FBBCEB}.DebugKopiLua|x86.ActiveCfg = Debug|Any CPU
		{FDD8BE87-2987-4D93-B288-899319FBBCEB}.Release|Any CPU.ActiveCfg = Release|Any CPU
		{FDD8BE87-2987-4D93-B288-899319FBBCEB}.Release|Any CPU.Build.0 = Release|Any CPU
		{FDD8BE87-2987-4D93-B288-899319FBBCEB}.Release|Mixed Platforms.ActiveCfg = Release|Any CPU
		{FDD8BE87-2987-4D93-B288-899319FBBCEB}.Release|Mixed Platforms.Build.0 = Release|Any CPU
		{FDD8BE87-2987-4D93-B288-899319FBBCEB}.Release|x64.ActiveCfg = Release|Any CPU
		{FDD8BE87-2987-4D93-B288-899319FBBCEB}.Release|x86.ActiveCfg = Release|Any CPU
		{FDD8BE87-2987-4D93-B288-899319FBBCEB}.ReleaseKopiLua|Any CPU.ActiveCfg = Release|Any CPU
		{FDD8BE87-2987-4D93-B288-899319FBBCEB}.ReleaseKopiLua|Any CPU.Build.0 = Release|Any CPU
		{FDD8BE87-2987-4D93-B288-899319FBBCEB}.ReleaseKopiLua|Mixed Platforms.ActiveCfg = Release|Any CPU
		{FDD8BE87-2987-4D93-B288-899319FBBCEB}.ReleaseKopiLua|Mixed Platforms.Build.0 = Release|Any CPU
		{FDD8BE87-2987-4D93-B288-899319FBBCEB}.ReleaseKopiLua|x64.ActiveCfg = Release|Any CPU
		{FDD8BE87-2987-4D93-B288-899319FBBCEB}.ReleaseKopiLua|x86.ActiveCfg = Release|Any CPU
		{E4130F8D-D301-4E0C-916D-489C4A23C9B1}.Debug|Any CPU.ActiveCfg = Debug|Any CPU
		{E4130F8D-D301-4E0C-916D-489C4A23C9B1}.Debug|Any CPU.Build.0 = Debug|Any CPU
		{E4130F8D-D301-4E0C-916D-489C4A23C9B1}.Debug|Mixed Platforms.ActiveCfg = Debug|Any CPU
		{E4130F8D-D301-4E0C-916D-489C4A23C9B1}.Debug|Mixed Platforms.Build.0 = Debug|Any CPU
		{E4130F8D-D301-4E0C-916D-489C4A23C9B1}.Debug|x64.ActiveCfg = Debug|Any CPU
		{E4130F8D-D301-4E0C-916D-489C4A23C9B1}.Debug|x86.ActiveCfg = Debug|Any CPU
		{E4130F8D-D301-4E0C-916D-489C4A23C9B1}.DebugKopiLua|Any CPU.ActiveCfg = Debug|Any CPU
		{E4130F8D-D301-4E0C-916D-489C4A23C9B1}.DebugKopiLua|Any CPU.Build.0 = Debug|Any CPU
		{E4130F8D-D301-4E0C-916D-489C4A23C9B1}.DebugKopiLua|Mixed Platforms.ActiveCfg = Debug|Any CPU
		{E4130F8D-D301-4E0C-916D-489C4A23C9B1}.DebugKopiLua|Mixed Platforms.Build.0 = Debug|Any CPU
		{E4130F8D-D301-4E0C-916D-489C4A23C9B1}.DebugKopiLua|x64.ActiveCfg = Debug|Any CPU
		{E4130F8D-D301-4E0C-916D-489C4A23C9B1}.DebugKopiLua|x86.ActiveCfg = Debug|Any CPU
		{E4130F8D-D301-4E0C-916D-489C4A23C9B1}.Release|Any CPU.ActiveCfg = Release|Any CPU
		{E4130F8D-D301-4E0C-916D-489C4A23C9B1}.Release|Any CPU.Build.0 = Release|Any CPU
		{E4130F8D-D301-4E0C-916D-489C4A23C9B1}.Release|Mixed Platforms.ActiveCfg = Release|Any CPU
		{E4130F8D-D301-4E0C-916D-489C4A23C9B1}.Release|Mixed Platforms.Build.0 = Release|Any CPU
		{E4130F8D-D301-4E0C-916D-489C4A23C9B1}.Release|x64.ActiveCfg = Release|Any CPU
		{E4130F8D-D301-4E0C-916D-489C4A23C9B1}.Release|x86.ActiveCfg = Release|Any CPU
		{E4130F8D-D301-4E0C-916D-489C4A23C9B1}.ReleaseKopiLua|Any CPU.ActiveCfg = Release|Any CPU
		{E4130F8D-D301-4E0C-916D-489C4A23C9B1}.ReleaseKopiLua|Any CPU.Build.0 = Release|Any CPU
		{E4130F8D-D301-4E0C-916D-489C4A23C9B1}.ReleaseKopiLua|Mixed Platforms.ActiveCfg = Release|Any CPU
		{E4130F8D-D301-4E0C-916D-489C4A23C9B1}.ReleaseKopiLua|Mixed Platforms.Build.0 = Release|Any CPU
		{E4130F8D-D301-4E0C-916D-489C4A23C9B1}.ReleaseKopiLua|x64.ActiveCfg = Release|Any CPU
		{E4130F8D-D301-4E0C-916D-489C4A23C9B1}.ReleaseKopiLua|x86.ActiveCfg = Release|Any CPU
	EndGlobalSection
	GlobalSection(SolutionProperties) = preSolution
		HideSolutionNode = FALSE
	EndGlobalSection
EndGlobal
